<?xml version="1.0" encoding="utf-8"?>
<Project ToolsVersion="4.0" xmlns="http://schemas.microsoft.com/developer/msbuild/2003">
  <ItemGroup>
    <Filter Include="Fichiers sources">
      <UniqueIdentifier>{4FC737F1-C7A5-4376-A066-2A32D752A2FF}</UniqueIdentifier>
      <Extensions>cpp;c;cc;cxx;def;odl;idl;hpj;bat;asm;asmx</Extensions>
    </Filter>
    <Filter Include="Fichiers d%27en-tête">
      <UniqueIdentifier>{93995380-89BD-4b04-88EB-625FBE52EBFB}</UniqueIdentifier>
      <Extensions>h;hh;hpp;hxx;hm;inl;inc;ipp;xsd</Extensions>
    </Filter>
    <Filter Include="Fichiers de ressources">
      <UniqueIdentifier>{67DA6AB6-F800-4c08-8B7A-83BB121AAD01}</UniqueIdentifier>
      <Extensions>rc;ico;cur;bmp;dlg;rc2;rct;bin;rgs;gif;jpg;jpeg;jpe;resx;tiff;tif;png;wav;mfcribbon-ms</Extensions>
    </Filter>
    <Filter Include="Fichiers sources\Members">
      <UniqueIdentifier>{6ae0f2d1-038a-44f0-9138-b0cb86b1999a}</UniqueIdentifier>
    </Filter>
    <Filter Include="Fichiers sources\IO">
      <UniqueIdentifier>{646d1ff4-0501-4042-a389-167dcd23b38b}</UniqueIdentifier>
    </Filter>
    <Filter Include="Fichiers d%27en-tête\Members">
      <UniqueIdentifier>{ae4f3d94-708b-4192-a3ae-d9bea71ed12b}</UniqueIdentifier>
    </Filter>
    <Filter Include="Fichiers d%27en-tête\IO">
      <UniqueIdentifier>{c889219b-c5f4-4ec7-ad7b-ec6215efbf0a}</UniqueIdentifier>
    </Filter>
    <Filter Include="Fichiers sources\Runtime">
      <UniqueIdentifier>{2cfd3d8a-132c-4248-9bad-32e9bdd47f65}</UniqueIdentifier>
    </Filter>
    <Filter Include="Fichiers d%27en-tête\Runtime">
      <UniqueIdentifier>{da3720d1-ea8f-4e8e-b08d-c00f48d68422}</UniqueIdentifier>
    </Filter>
  </ItemGroup>
  <ItemGroup>
    <ClCompile Include="Program.cpp">
      <Filter>Fichiers sources</Filter>
    </ClCompile>
    <ClCompile Include="BinaryReader.cpp">
      <Filter>Fichiers sources\IO</Filter>
    </ClCompile>
    <ClCompile Include="ByteClass.cpp">
      <Filter>Fichiers sources\Members</Filter>
    </ClCompile>
    <ClCompile Include="ByteMethod.cpp">
      <Filter>Fichiers sources\Members</Filter>
    </ClCompile>
    <ClCompile Include="ByteBlock.cpp">
      <Filter>Fichiers sources\Members</Filter>
    </ClCompile>
    <ClCompile Include="ByteField.cpp">
      <Filter>Fichiers sources\Members</Filter>
    </ClCompile>
    <ClCompile Include="RuntimeContext.cpp">
      <Filter>Fichiers sources\Runtime</Filter>
    </ClCompile>
    <ClCompile Include="RuntimeStruct.cpp">
      <Filter>Fichiers sources\Runtime</Filter>
    </ClCompile>
    <ClCompile Include="Exec.cpp">
      <Filter>Fichiers sources\Runtime</Filter>
    </ClCompile>
    <ClCompile Include="Logger.cpp">
      <Filter>Fichiers sources\IO</Filter>
    </ClCompile>
    <ClCompile Include="MainPointEntry.cpp">
      <Filter>Fichiers sources\Members</Filter>
    </ClCompile>
    <ClCompile Include="MethodCall.cpp">
      <Filter>Fichiers sources\Runtime</Filter>
    </ClCompile>
    <ClCompile Include="RuntimeVector.cpp">
      <Filter>Fichiers sources\Runtime</Filter>
    </ClCompile>
    <ClCompile Include="NovFile.cpp">
      <Filter>Fichiers sources\IO</Filter>
    </ClCompile>
  </ItemGroup>
  <ItemGroup>
    <ClInclude Include="BinaryReader.h">
      <Filter>Fichiers d%27en-tête\IO</Filter>
    </ClInclude>
    <ClInclude Include="ByteClass.h">
      <Filter>Fichiers d%27en-tête\Members</Filter>
    </ClInclude>
    <ClInclude Include="ByteMethod.h">
      <Filter>Fichiers d%27en-tête\Members</Filter>
    </ClInclude>
    <ClInclude Include="ByteBlock.h">
      <Filter>Fichiers d%27en-tête\Members</Filter>
    </ClInclude>
    <ClInclude Include="ByteField.h">
      <Filter>Fichiers d%27en-tête\Members</Filter>
    </ClInclude>
    <ClInclude Include="RuntimeContext.h">
      <Filter>Fichiers d%27en-tête\Runtime</Filter>
    </ClInclude>
    <ClInclude Include="RuntimeStruct.h">
      <Filter>Fichiers d%27en-tête\Runtime</Filter>
    </ClInclude>
    <ClInclude Include="Exec.h">
      <Filter>Fichiers d%27en-tête\Runtime</Filter>
    </ClInclude>
    <ClInclude Include="NovFile.h">
      <Filter>Fichiers d%27en-tête\IO</Filter>
    </ClInclude>
    <ClInclude Include="Logger.h">
      <Filter>Fichiers d%27en-tête\IO</Filter>
    </ClInclude>
    <ClInclude Include="MainPointEntry.h">
      <Filter>Fichiers d%27en-tête\Members</Filter>
    </ClInclude>
    <ClInclude Include="Modifiers.h">
      <Filter>Fichiers d%27en-tête\Members</Filter>
    </ClInclude>
    <ClInclude Include="OpCodes.h">
      <Filter>Fichiers d%27en-tête</Filter>
    </ClInclude>
    <ClInclude Include="OperatorsEnum.h">
      <Filter>Fichiers d%27en-tête</Filter>
    </ClInclude>
    <ClInclude Include="Null.h">
      <Filter>Fichiers d%27en-tête\Runtime</Filter>
    </ClInclude>
    <ClInclude Include="Call.h">
      <Filter>Fichiers d%27en-tête\Runtime</Filter>
    </ClInclude>
    <ClInclude Include="ContainerType.h">
      <Filter>Fichiers d%27en-tête\Members</Filter>
    </ClInclude>
    <ClInclude Include="Natives.h">
      <Filter>Fichiers d%27en-tête</Filter>
    </ClInclude>
    <ClInclude Include="RuntimeVector.h">
      <Filter>Fichiers d%27en-tête\Runtime</Filter>
    </ClInclude>
  </ItemGroup>
</Project>