
Microsoft Visual Studio Solution File, Format Version 12.00
# Visual Studio Version 16
VisualStudioVersion = 16.0.29123.88
MinimumVisualStudioVersion = 10.0.40219.1
Project("{FAE04EC0-301F-11D3-BF4B-00C04F79EFBC}") = "Nova", "Nova.csproj", "{44B7F346-69C5-4759-858C-C83C945838A9}"
EndProject
Project("{FAE04EC0-301F-11D3-BF4B-00C04F79EFBC}") = "Nova.Tests", "..\Nova.Tests\Nova.Tests.csproj", "{A5DF17FD-1934-4DB8-87F5-292BD4E0A605}"
EndProject
Global
	GlobalSection(SolutionConfigurationPlatforms) = preSolution
		Debug|Any CPU = Debug|Any CPU
		Release|Any CPU = Release|Any CPU
	EndGlobalSection
	GlobalSection(ProjectConfigurationPlatforms) = postSolution
		{44B7F346-69C5-4759-858C-C83C945838A9}.Debug|Any CPU.ActiveCfg = Debug|Any CPU
		{44B7F346-69C5-4759-858C-C83C945838A9}.Debug|Any CPU.Build.0 = Debug|Any CPU
		{44B7F346-69C5-4759-858C-C83C945838A9}.Release|Any CPU.ActiveCfg = Release|Any CPU
		{44B7F346-69C5-4759-858C-C83C945838A9}.Release|Any CPU.Build.0 = Release|Any CPU
		{A5DF17FD-1934-4DB8-87F5-292BD4E0A605}.Debug|Any CPU.ActiveCfg = Debug|Any CPU
		{A5DF17FD-1934-4DB8-87F5-292BD4E0A605}.Debug|Any CPU.Build.0 = Debug|Any CPU
		{A5DF17FD-1934-4DB8-87F5-292BD4E0A605}.Release|Any CPU.ActiveCfg = Release|Any CPU
		{A5DF17FD-1934-4DB8-87F5-292BD4E0A605}.Release|Any CPU.Build.0 = Release|Any CPU
	EndGlobalSection
	GlobalSection(SolutionProperties) = preSolution
		HideSolutionNode = FALSE
	EndGlobalSection
	GlobalSection(ExtensibilityGlobals) = postSolution
		SolutionGuid = {A42B0459-BDE3-49DD-99D9-2419B6A0201A}
	EndGlobalSection
EndGlobal
