<?xml version="1.0" encoding="utf-8"?>
<Project ToolsVersion="4.0" xmlns="http://schemas.microsoft.com/developer/msbuild/2003">
  <ItemGroup>
    <Filter Include="Fichiers sources">
      <UniqueIdentifier>{4FC737F1-C7A5-4376-A066-2A32D752A2FF}</UniqueIdentifier>
      <Extensions>cpp;c;cc;cxx;def;odl;idl;hpj;bat;asm;asmx</Extensions>
    </Filter>
    <Filter Include="Fichiers d%27en-tête">
      <UniqueIdentifier>{93995380-89BD-4b04-88EB-625FBE52EBFB}</UniqueIdentifier>
      <Extensions>h;hh;hpp;hxx;hm;inl;inc;ipp;xsd</Extensions>
    </Filter>
    <Filter Include="Fichiers de ressources">
      <UniqueIdentifier>{67DA6AB6-F800-4c08-8B7A-83BB121AAD01}</UniqueIdentifier>
      <Extensions>rc;ico;cur;bmp;dlg;rc2;rct;bin;rgs;gif;jpg;jpeg;jpe;resx;tiff;tif;png;wav;mfcribbon-ms</Extensions>
    </Filter>
    <Filter Include="Fichiers sources\Codes">
      <UniqueIdentifier>{05b7383a-10e7-4721-9533-f0cc41cbe3a3}</UniqueIdentifier>
    </Filter>
    <Filter Include="Fichiers sources\IO">
      <UniqueIdentifier>{0c4e9172-0174-4be3-8ebe-7a6dd647e6ea}</UniqueIdentifier>
    </Filter>
    <Filter Include="Fichiers sources\Runtime">
      <UniqueIdentifier>{5a1899ec-6743-4375-a46e-b7217afe820f}</UniqueIdentifier>
    </Filter>
  </ItemGroup>
  <ItemGroup>
    <ClCompile Include="main.cpp">
      <Filter>Fichiers sources</Filter>
    </ClCompile>
    <ClCompile Include="BinaryAddCode.cpp">
      <Filter>Fichiers sources\Codes</Filter>
    </ClCompile>
    <ClCompile Include="RuntimeContext.cpp">
      <Filter>Fichiers sources</Filter>
    </ClCompile>
    <ClCompile Include="Code.cpp">
      <Filter>Fichiers sources\Codes</Filter>
    </ClCompile>
    <ClCompile Include="PushConstCode.cpp">
      <Filter>Fichiers sources\Codes</Filter>
    </ClCompile>
    <ClCompile Include="ComparaisonCode.cpp">
      <Filter>Fichiers sources\Codes</Filter>
    </ClCompile>
    <ClCompile Include="JumpCode.cpp">
      <Filter>Fichiers sources\Codes</Filter>
    </ClCompile>
    <ClCompile Include="LoadCode.cpp">
      <Filter>Fichiers sources\Codes</Filter>
    </ClCompile>
    <ClCompile Include="StoreCode.cpp">
      <Filter>Fichiers sources\Codes</Filter>
    </ClCompile>
    <ClCompile Include="PrintCode.cpp">
      <Filter>Fichiers sources\Codes</Filter>
    </ClCompile>
    <ClCompile Include="BinaryReader.cpp">
      <Filter>Fichiers sources\IO</Filter>
    </ClCompile>
    <ClCompile Include="BinaryWriter.cpp">
      <Filter>Fichiers sources\IO</Filter>
    </ClCompile>
    <ClCompile Include="NovFile.cpp">
      <Filter>Fichiers sources\IO</Filter>
    </ClCompile>
    <ClCompile Include="ByteClass.cpp">
      <Filter>Fichiers sources\IO</Filter>
    </ClCompile>
    <ClCompile Include="ByteMethod.cpp">
      <Filter>Fichiers sources\IO</Filter>
    </ClCompile>
    <ClCompile Include="Exec.cpp">
      <Filter>Fichiers sources\Runtime</Filter>
    </ClCompile>
    <ClCompile Include="Logger.cpp">
      <Filter>Fichiers sources</Filter>
    </ClCompile>
    <ClCompile Include="ByteBlockMeta.cpp">
      <Filter>Fichiers sources\IO</Filter>
    </ClCompile>
  </ItemGroup>
  <ItemGroup>
    <ClInclude Include="BinaryAddCode.h">
      <Filter>Fichiers d%27en-tête</Filter>
    </ClInclude>
    <ClInclude Include="RuntimeContext.h">
      <Filter>Fichiers d%27en-tête</Filter>
    </ClInclude>
    <ClInclude Include="Code.h">
      <Filter>Fichiers d%27en-tête</Filter>
    </ClInclude>
    <ClInclude Include="PushConstCode.h">
      <Filter>Fichiers d%27en-tête</Filter>
    </ClInclude>
    <ClInclude Include="ComparaisonCode.h">
      <Filter>Fichiers d%27en-tête</Filter>
    </ClInclude>
    <ClInclude Include="ComparaisonEnum.h">
      <Filter>Fichiers d%27en-tête</Filter>
    </ClInclude>
    <ClInclude Include="JumpCode.h">
      <Filter>Fichiers d%27en-tête</Filter>
    </ClInclude>
    <ClInclude Include="LoadCode.h">
      <Filter>Fichiers d%27en-tête</Filter>
    </ClInclude>
    <ClInclude Include="StoreCode.h">
      <Filter>Fichiers d%27en-tête</Filter>
    </ClInclude>
    <ClInclude Include="PrintCode.h">
      <Filter>Fichiers d%27en-tête</Filter>
    </ClInclude>
    <ClInclude Include="BinaryWriter.h">
      <Filter>Fichiers d%27en-tête</Filter>
    </ClInclude>
    <ClInclude Include="BinaryReader.h">
      <Filter>Fichiers d%27en-tête</Filter>
    </ClInclude>
    <ClInclude Include="NovFile.h">
      <Filter>Fichiers d%27en-tête</Filter>
    </ClInclude>
    <ClInclude Include="ByteClass.h">
      <Filter>Fichiers d%27en-tête</Filter>
    </ClInclude>
    <ClInclude Include="ByteMethod.h">
      <Filter>Fichiers d%27en-tête</Filter>
    </ClInclude>
    <ClInclude Include="Exec.h">
      <Filter>Fichiers d%27en-tête</Filter>
    </ClInclude>
    <ClInclude Include="Logger.h">
      <Filter>Fichiers d%27en-tête</Filter>
    </ClInclude>
    <ClInclude Include="ByteBlockMeta.h">
      <Filter>Fichiers d%27en-tête</Filter>
    </ClInclude>
  </ItemGroup>
</Project>